<?xml version="1.0" encoding="utf-8"?>
<Project ToolsVersion="4.0" xmlns="http://schemas.microsoft.com/developer/msbuild/2003">
  <ItemGroup>
    <Filter Include="ソース ファイル">
      <UniqueIdentifier>{4FC737F1-C7A5-4376-A066-2A32D752A2FF}</UniqueIdentifier>
      <Extensions>cpp;c;cc;cxx;def;odl;idl;hpj;bat;asm;asmx</Extensions>
    </Filter>
    <Filter Include="ヘッダー ファイル">
      <UniqueIdentifier>{93995380-89BD-4b04-88EB-625FBE52EBFB}</UniqueIdentifier>
      <Extensions>h;hpp;hxx;hm;inl;inc;xsd</Extensions>
    </Filter>
    <Filter Include="リソース ファイル">
      <UniqueIdentifier>{67DA6AB6-F800-4c08-8B7A-83BB121AAD01}</UniqueIdentifier>
      <Extensions>rc;ico;cur;bmp;dlg;rc2;rct;bin;rgs;gif;jpg;jpeg;jpe;resx;tiff;tif;png;wav;mfcribbon-ms</Extensions>
    </Filter>
  </ItemGroup>
  <ItemGroup>
    <None Include="readme.txt" />
  </ItemGroup>
  <ItemGroup>
    <ClCompile Include="detectorPart\speedEncoder.c">
      <Filter>ソース ファイル</Filter>
    </ClCompile>
    <ClCompile Include="HardwareWrapper\Motor.c">
      <Filter>ソース ファイル</Filter>
    </ClCompile>
    <ClCompile Include="HardwareWrapper\TouchSensor.c">
      <Filter>ソース ファイル</Filter>
    </ClCompile>
    <ClCompile Include="DrivenPart\WheelMotor.c">
      <Filter>ソース ファイル</Filter>
    </ClCompile>
    <ClCompile Include="DetectorPart\BrightnessEncoder.c">
      <Filter>ソース ファイル</Filter>
    </ClCompile>
    <ClCompile Include="DetectorPart\DirectionEncoder.c">
      <Filter>ソース ファイル</Filter>
    </ClCompile>
    <ClCompile Include="DetectorPart\DistanceEncoder.c">
      <Filter>ソース ファイル</Filter>
    </ClCompile>
    <ClCompile Include="DetectorPart\InclinationEncoder.c">
      <Filter>ソース ファイル</Filter>
    </ClCompile>
    <ClCompile Include="DetectorPart\Timer.c">
      <Filter>ソース ファイル</Filter>
    </ClCompile>
    <ClCompile Include="DrivenPart\TargetSpeedControl\PIDSpeedCtrl.c">
      <Filter>ソース ファイル</Filter>
    </ClCompile>
    <ClCompile Include="DrivenPart\TargetSpeedControl\PIDSpeedCtrlParm.c">
      <Filter>ソース ファイル</Filter>
    </ClCompile>
    <ClCompile Include="DrivenPart\TargetSpeedControl\Speed.c">
      <Filter>ソース ファイル</Filter>
    </ClCompile>
    <ClCompile Include="DrivenPart\TargetSpeedControl\SpeedCtrl.c">
      <Filter>ソース ファイル</Filter>
    </ClCompile>
    <ClCompile Include="DrivenPart\PID_Brightness.c">
      <Filter>ソース ファイル</Filter>
    </ClCompile>
    <ClCompile Include="DrivenPart\PID_Tail.c">
      <Filter>ソース ファイル</Filter>
    </ClCompile>
    <ClCompile Include="DrivenPart\TailMotor.c">
      <Filter>ソース ファイル</Filter>
    </ClCompile>
    <ClCompile Include="DrivenPart\TargetDirectionControl\DirectionCtrl.c">
      <Filter>ソース ファイル</Filter>
    </ClCompile>
    <ClCompile Include="lib\CommonFunction.c">
      <Filter>ソース ファイル</Filter>
    </ClCompile>
    <ClCompile Include="DetectorPart\CurvatureEncoder.c">
      <Filter>ソース ファイル</Filter>
    </ClCompile>
    <ClCompile Include="DrivenPart\DrivenDirector.c">
      <Filter>ソース ファイル</Filter>
    </ClCompile>
    <ClCompile Include="DrivenPart\TargetCurvatureControl\Curvature.c">
      <Filter>ソース ファイル</Filter>
    </ClCompile>
    <ClCompile Include="DrivenPart\TargetCurvatureControl\CurvatureCtrl.c">
      <Filter>ソース ファイル</Filter>
    </ClCompile>
    <ClCompile Include="DrivenPart\TargetCurvatureControl\PIDCurvatureCtrl.c">
      <Filter>ソース ファイル</Filter>
    </ClCompile>
    <ClCompile Include="DrivenPart\TargetCurvatureControl\PIDCurvatureCtrlParm.c">
      <Filter>ソース ファイル</Filter>
    </ClCompile>
    <ClCompile Include="StrategyPart\Section.c">
      <Filter>ソース ファイル</Filter>
    </ClCompile>
    <ClCompile Include="StrategyPart\RunningStrategy.c">
      <Filter>ソース ファイル</Filter>
    </ClCompile>
    <ClCompile Include="StrategyPart\Runner.c">
      <Filter>ソース ファイル</Filter>
    </ClCompile>
    <ClCompile Include="StrategyPart\RunningMethod.c">
      <Filter>ソース ファイル</Filter>
    </ClCompile>
    <ClCompile Include="EncoderPart\BrightnessEncoder.c">
      <Filter>ソース ファイル</Filter>
    </ClCompile>
    <ClCompile Include="EncoderPart\CurvatureEncoder.c">
      <Filter>ソース ファイル</Filter>
    </ClCompile>
    <ClCompile Include="EncoderPart\DirectionEncoder.c">
      <Filter>ソース ファイル</Filter>
    </ClCompile>
    <ClCompile Include="EncoderPart\DistanceEncoder.c">
      <Filter>ソース ファイル</Filter>
    </ClCompile>
    <ClCompile Include="EncoderPart\InclinationEncoder.c">
      <Filter>ソース ファイル</Filter>
    </ClCompile>
    <ClCompile Include="EncoderPart\SpeedEncoder.c">
      <Filter>ソース ファイル</Filter>
    </ClCompile>
    <ClCompile Include="EncoderPart\Timer.c">
      <Filter>ソース ファイル</Filter>
    </ClCompile>
    <ClCompile Include="lib\MovingAverage.c">
      <Filter>ソース ファイル</Filter>
    </ClCompile>
    <ClCompile Include="DrivenPart\WheelActuator.c">
      <Filter>ソース ファイル</Filter>
    </ClCompile>
    <ClCompile Include="StrategyFactories\FiststStraightFactory.c">
      <Filter>ソース ファイル</Filter>
    </ClCompile>
    <ClCompile Include="StrategyFactories\FiststCurveFactory.c">
      <Filter>ソース ファイル</Filter>
    </ClCompile>
    <ClCompile Include="StrategyFactories\SeeSawFactory.c">
      <Filter>ソース ファイル</Filter>
    </ClCompile>
    <ClCompile Include="lib\LowPassFillter.c">
      <Filter>ソース ファイル</Filter>
    </ClCompile>
    <ClCompile Include="StrategyFactories\SlopeFactory.c">
      <Filter>ソース ファイル</Filter>
    </ClCompile>
    <ClCompile Include="StrategyFactories\ThurdCurve_1Factory.c">
      <Filter>ソース ファイル</Filter>
    </ClCompile>
    <ClCompile Include="StrategyFactories\ThurdCurve_2Factory.c">
      <Filter>ソース ファイル</Filter>
    </ClCompile>
    <ClCompile Include="StrategyFactories\ThurdCurve_3Factory.c">
      <Filter>ソース ファイル</Filter>
    </ClCompile>
    <ClCompile Include="StrategyFactories\ThurdCurve_4Factory.c">
      <Filter>ソース ファイル</Filter>
    </ClCompile>
    <ClCompile Include="StrategyFactories\ThurdCurve_5Factory.c">
      <Filter>ソース ファイル</Filter>
    </ClCompile>
    <ClCompile Include="StrategyFactories\ThurdCurve_6Factory.c">
      <Filter>ソース ファイル</Filter>
    </ClCompile>
    <ClCompile Include="StrategyFactories\ThurdStraightFactory.c">
      <Filter>ソース ファイル</Filter>
    </ClCompile>
    <ClCompile Include="StrategyFactories\SecondCurve_1Factory.c">
      <Filter>ソース ファイル</Filter>
    </ClCompile>
    <ClCompile Include="StrategyFactories\SecondCurve_2Factory.c">
      <Filter>ソース ファイル</Filter>
    </ClCompile>
    <ClCompile Include="StrategyFactories\SecondCurve_3Factory.c">
      <Filter>ソース ファイル</Filter>
    </ClCompile>
    <ClCompile Include="StrategyFactories\SecondCurve_4Factory.c">
      <Filter>ソース ファイル</Filter>
    </ClCompile>
    <ClCompile Include="StrategyFactories\SecondStraightFactory.c">
      <Filter>ソース ファイル</Filter>
    </ClCompile>
    <ClCompile Include="StrategyFactories\AfterSlopeStraightFactory.c">
      <Filter>ソース ファイル</Filter>
    </ClCompile>
    <ClCompile Include="DrivenPart\TargetLightValueControl\LightVal.c">
      <Filter>ソース ファイル</Filter>
    </ClCompile>
    <ClCompile Include="DrivenPart\TargetLightValueControl\LightValCtrl.c">
      <Filter>ソース ファイル</Filter>
    </ClCompile>
    <ClCompile Include="DrivenPart\TargetLightValueControl\LightValListener.c">
      <Filter>ソース ファイル</Filter>
    </ClCompile>
    <ClCompile Include="DrivenPart\TargetLightValueControl\LightValRange.c">
      <Filter>ソース ファイル</Filter>
    </ClCompile>
    <ClCompile Include="DrivenPart\TargetLightValueControl\PIDLightValCtrl.c">
      <Filter>ソース ファイル</Filter>
    </ClCompile>
    <ClCompile Include="DrivenPart\TargetLightValueControl\PIDLightValCtrlParm.c">
      <Filter>ソース ファイル</Filter>
    </ClCompile>
    <ClCompile Include="HardwareWrapper\GyroSensor.c">
      <Filter>ソース ファイル</Filter>
    </ClCompile>
    <ClCompile Include="HardwareWrapper\LightSensor.c">
      <Filter>ソース ファイル</Filter>
    </ClCompile>
    <ClCompile Include="HardwareWrapper\SystemTimer.c">
      <Filter>ソース ファイル</Filter>
    </ClCompile>
    <ClCompile Include="lib\mymath.c">
      <Filter>ソース ファイル</Filter>
    </ClCompile>
    <ClCompile Include="UI\PushButton.c">
      <Filter>ソース ファイル</Filter>
    </ClCompile>
    <ClCompile Include="UI\Display.c">
      <Filter>ソース ファイル</Filter>
    </ClCompile>
    <ClCompile Include="UI\Starter.c">
      <Filter>ソース ファイル</Filter>
    </ClCompile>
    <ClCompile Include="UI\ParameterReceiver.c">
      <Filter>ソース ファイル</Filter>
    </ClCompile>
    <ClCompile Include="HardwareWrapper\SelfBalance.c">
      <Filter>ソース ファイル</Filter>
    </ClCompile>
    <ClCompile Include="HardwareWrapperSpy\Motor.c">
      <Filter>ソース ファイル</Filter>
    </ClCompile>
    <ClCompile Include="HardwareWrapperSpy\SelfBalance.c">
      <Filter>ソース ファイル</Filter>
    </ClCompile>
  </ItemGroup>
  <ItemGroup>
    <ClInclude Include="detectorPart\SpeedEncoder.h">
      <Filter>ヘッダー ファイル</Filter>
    </ClInclude>
    <ClInclude Include="HardwareWrapper\Motor.h">
      <Filter>ヘッダー ファイル</Filter>
    </ClInclude>
    <ClInclude Include="HardwareWrapper\TouchSensor.h">
      <Filter>ヘッダー ファイル</Filter>
    </ClInclude>
    <ClInclude Include="detectorpart\inclinationencoder.h">
      <Filter>ヘッダー ファイル</Filter>
    </ClInclude>
    <ClInclude Include="detectorpart\brightnessencoder.h">
      <Filter>ヘッダー ファイル</Filter>
    </ClInclude>
    <ClInclude Include="DetectorPart\DirectionEncoder.h">
      <Filter>ヘッダー ファイル</Filter>
    </ClInclude>
    <ClInclude Include="detectorpart\distanceencoder.h">
      <Filter>ヘッダー ファイル</Filter>
    </ClInclude>
    <ClInclude Include="detectorpart\timer.h">
      <Filter>ヘッダー ファイル</Filter>
    </ClInclude>
    <ClInclude Include="DrivenPart\TargetSpeedControl\PIDSpeedCtrl.h">
      <Filter>ヘッダー ファイル</Filter>
    </ClInclude>
    <ClInclude Include="DrivenPart\TargetSpeedControl\PIDSpeedCtrlParm.h">
      <Filter>ヘッダー ファイル</Filter>
    </ClInclude>
    <ClInclude Include="DrivenPart\TargetSpeedControl\Speed.h">
      <Filter>ヘッダー ファイル</Filter>
    </ClInclude>
    <ClInclude Include="DrivenPart\TargetSpeedControl\SpeedCtrl.h">
      <Filter>ヘッダー ファイル</Filter>
    </ClInclude>
    <ClInclude Include="DrivenPart\TailMotor.h">
      <Filter>ヘッダー ファイル</Filter>
    </ClInclude>
    <ClInclude Include="DrivenPart\PID_Brightness.h">
      <Filter>ヘッダー ファイル</Filter>
    </ClInclude>
    <ClInclude Include="DrivenPart\PID_Tail.h">
      <Filter>ヘッダー ファイル</Filter>
    </ClInclude>
    <ClInclude Include="DrivenPart\WheelMotor.h">
      <Filter>ヘッダー ファイル</Filter>
    </ClInclude>
    <ClInclude Include="DrivenPart\TargetDirectionControl\DirectionCtrl.h">
      <Filter>ヘッダー ファイル</Filter>
    </ClInclude>
    <ClInclude Include="lib\CommonFunction.h">
      <Filter>ヘッダー ファイル</Filter>
    </ClInclude>
    <ClInclude Include="DetectorPart\CurvatureEncoder.h">
      <Filter>ヘッダー ファイル</Filter>
    </ClInclude>
    <ClInclude Include="DrivenPart\ControllerWegiht.h">
      <Filter>ヘッダー ファイル</Filter>
    </ClInclude>
    <ClInclude Include="DrivenPart\DrivenDirector.h">
      <Filter>ヘッダー ファイル</Filter>
    </ClInclude>
    <ClInclude Include="DrivenPart\TargetCurvatureControl\PIDCurvatureCtrlParm.h">
      <Filter>ヘッダー ファイル</Filter>
    </ClInclude>
    <ClInclude Include="DrivenPart\TargetCurvatureControl\Curvature.h">
      <Filter>ヘッダー ファイル</Filter>
    </ClInclude>
    <ClInclude Include="DrivenPart\TargetCurvatureControl\CurvatureCtrl.h">
      <Filter>ヘッダー ファイル</Filter>
    </ClInclude>
    <ClInclude Include="DrivenPart\TargetCurvatureControl\CurvatureCtrlState.h">
      <Filter>ヘッダー ファイル</Filter>
    </ClInclude>
    <ClInclude Include="DrivenPart\TargetCurvatureControl\PIDCurvatureCtrl.h">
      <Filter>ヘッダー ファイル</Filter>
    </ClInclude>
    <ClInclude Include="StrategyPart\Section.h">
      <Filter>ヘッダー ファイル</Filter>
    </ClInclude>
    <ClInclude Include="StrategyPart\RunningStrategy.h">
      <Filter>ヘッダー ファイル</Filter>
    </ClInclude>
    <ClInclude Include="strategypart\changeterm.h">
      <Filter>ヘッダー ファイル</Filter>
    </ClInclude>
    <ClInclude Include="StrategyPart\RunningMethod.h">
      <Filter>ヘッダー ファイル</Filter>
    </ClInclude>
    <ClInclude Include="StrategyPart\Runner.h">
      <Filter>ヘッダー ファイル</Filter>
    </ClInclude>
    <ClInclude Include="EncoderPart\BrightnessEncoder.h">
      <Filter>ヘッダー ファイル</Filter>
    </ClInclude>
    <ClInclude Include="EncoderPart\CurvatureEncoder.h">
      <Filter>ヘッダー ファイル</Filter>
    </ClInclude>
    <ClInclude Include="EncoderPart\DirectionEncoder.h">
      <Filter>ヘッダー ファイル</Filter>
    </ClInclude>
    <ClInclude Include="EncoderPart\DistanceEncoder.h">
      <Filter>ヘッダー ファイル</Filter>
    </ClInclude>
    <ClInclude Include="EncoderPart\InclinationEncoder.h">
      <Filter>ヘッダー ファイル</Filter>
    </ClInclude>
    <ClInclude Include="EncoderPart\SpeedEncoder.h">
      <Filter>ヘッダー ファイル</Filter>
    </ClInclude>
    <ClInclude Include="EncoderPart\Timer.h">
      <Filter>ヘッダー ファイル</Filter>
    </ClInclude>
    <ClInclude Include="lib\MovingAverage.h">
      <Filter>ヘッダー ファイル</Filter>
    </ClInclude>
    <ClInclude Include="DrivenPart\WheelActuator.h">
      <Filter>ヘッダー ファイル</Filter>
    </ClInclude>
    <ClInclude Include="DrivenPart\ControllerWeight.h">
      <Filter>ヘッダー ファイル</Filter>
    </ClInclude>
    <ClInclude Include="StrategyPart\TargetValues.h">
      <Filter>ヘッダー ファイル</Filter>
    </ClInclude>
    <ClInclude Include="StrategyPart\SwitchTerm.h">
      <Filter>ヘッダー ファイル</Filter>
    </ClInclude>
    <ClInclude Include="StrategyFactories\FiststStraightFactory.h">
      <Filter>ヘッダー ファイル</Filter>
    </ClInclude>
    <ClInclude Include="StrategyFactories\SeeSawFactory.h">
      <Filter>ヘッダー ファイル</Filter>
    </ClInclude>
    <ClInclude Include="lib\LowPassFillter.h">
      <Filter>ヘッダー ファイル</Filter>
    </ClInclude>
    <ClInclude Include="StrategyFactories\SlopeFactory.h">
      <Filter>ヘッダー ファイル</Filter>
    </ClInclude>
    <ClInclude Include="StrategyFactories\ThurdCurve_1Factory.h">
      <Filter>ヘッダー ファイル</Filter>
    </ClInclude>
    <ClInclude Include="StrategyFactories\ThurdCurve_2Factory.h">
      <Filter>ヘッダー ファイル</Filter>
    </ClInclude>
    <ClInclude Include="StrategyFactories\ThurdCurve_3Factory.h">
      <Filter>ヘッダー ファイル</Filter>
    </ClInclude>
    <ClInclude Include="StrategyFactories\ThurdCurve_4Factory.h">
      <Filter>ヘッダー ファイル</Filter>
    </ClInclude>
    <ClInclude Include="StrategyFactories\ThurdCurve_5Factory.h">
      <Filter>ヘッダー ファイル</Filter>
    </ClInclude>
    <ClInclude Include="StrategyFactories\ThurdCurve_6Factory.h">
      <Filter>ヘッダー ファイル</Filter>
    </ClInclude>
    <ClInclude Include="StrategyFactories\ThurdStraightFactory.h">
      <Filter>ヘッダー ファイル</Filter>
    </ClInclude>
    <ClInclude Include="StrategyFactories\SecondCurve_1Factory.h">
      <Filter>ヘッダー ファイル</Filter>
    </ClInclude>
    <ClInclude Include="StrategyFactories\SecondCurve_2Factory.h">
      <Filter>ヘッダー ファイル</Filter>
    </ClInclude>
    <ClInclude Include="StrategyFactories\SecondCurve_3Factory.h">
      <Filter>ヘッダー ファイル</Filter>
    </ClInclude>
    <ClInclude Include="StrategyFactories\SecondCurve_4Factory.h">
      <Filter>ヘッダー ファイル</Filter>
    </ClInclude>
    <ClInclude Include="StrategyFactories\SecondStraightFactory.h">
      <Filter>ヘッダー ファイル</Filter>
    </ClInclude>
    <ClInclude Include="StrategyFactories\FiststCurveFactory.h">
      <Filter>ヘッダー ファイル</Filter>
    </ClInclude>
    <ClInclude Include="StrategyFactories\AfterSlopeStraightFactory.h">
      <Filter>ヘッダー ファイル</Filter>
    </ClInclude>
    <ClInclude Include="DrivenPart\TargetSpeedControl\SpeedCtrlState.h">
      <Filter>ヘッダー ファイル</Filter>
    </ClInclude>
    <ClInclude Include="DrivenPart\TargetLightValueControl\LightVal.h">
      <Filter>ヘッダー ファイル</Filter>
    </ClInclude>
    <ClInclude Include="DrivenPart\TargetLightValueControl\LightValCtrl.h">
      <Filter>ヘッダー ファイル</Filter>
    </ClInclude>
    <ClInclude Include="DrivenPart\TargetLightValueControl\LightValCtrlState.h">
      <Filter>ヘッダー ファイル</Filter>
    </ClInclude>
    <ClInclude Include="DrivenPart\TargetLightValueControl\LightValListener.h">
      <Filter>ヘッダー ファイル</Filter>
    </ClInclude>
    <ClInclude Include="DrivenPart\TargetLightValueControl\LightValRange.h">
      <Filter>ヘッダー ファイル</Filter>
    </ClInclude>
    <ClInclude Include="DrivenPart\TargetLightValueControl\PIDLightValCtrl.h">
      <Filter>ヘッダー ファイル</Filter>
    </ClInclude>
    <ClInclude Include="DrivenPart\TargetLightValueControl\PIDLightValCtrlParm.h">
      <Filter>ヘッダー ファイル</Filter>
    </ClInclude>
    <ClInclude Include="HardwareWrapper\LightSensor.h">
      <Filter>ヘッダー ファイル</Filter>
    </ClInclude>
    <ClInclude Include="HardwareWrapper\GyroSensor.h">
      <Filter>ヘッダー ファイル</Filter>
    </ClInclude>
    <ClInclude Include="HardwareWrapper\SystemTimer.h">
      <Filter>ヘッダー ファイル</Filter>
    </ClInclude>
    <ClInclude Include="lib\mymath.h">
      <Filter>ヘッダー ファイル</Filter>
    </ClInclude>
    <ClInclude Include="UI\PushButton.h">
      <Filter>ヘッダー ファイル</Filter>
    </ClInclude>
    <ClInclude Include="StrategyPart\RunnerState.h">
      <Filter>ヘッダー ファイル</Filter>
    </ClInclude>
    <ClInclude Include="UI\Display.h">
      <Filter>ヘッダー ファイル</Filter>
    </ClInclude>
    <ClInclude Include="UI\Starter.h">
      <Filter>ヘッダー ファイル</Filter>
    </ClInclude>
    <ClInclude Include="UI\StarterState.h">
      <Filter>ヘッダー ファイル</Filter>
    </ClInclude>
    <ClInclude Include="UI\ParameterReceiver.h">
      <Filter>ヘッダー ファイル</Filter>
    </ClInclude>
    <ClInclude Include="HardwareWrapper\SelfBalance.h">
      <Filter>ヘッダー ファイル</Filter>
    </ClInclude>
  </ItemGroup>
</Project>